
Microsoft Visual Studio Solution File, Format Version 12.00
# Visual Studio 15
VisualStudioVersion = 15.0.27703.2035
MinimumVisualStudioVersion = 10.0.40219.1
Project("{8BC9CEB8-8B4A-11D0-8D11-00A0C91BC942}") = "volcano", "volcano.vcxproj", "{D481FBD5-A3E3-4152-8A44-4EFA6CDC5BC0}"
EndProject
Global
	GlobalSection(SolutionConfigurationPlatforms) = preSolution
		Debug|x64 = Debug|x64
		LLVM-Release|x64 = LLVM-Release|x64
		Release|x64 = Release|x64
	EndGlobalSection
	GlobalSection(ProjectConfigurationPlatforms) = postSolution
		{D481FBD5-A3E3-4152-8A44-4EFA6CDC5BC0}.Debug|x64.ActiveCfg = Debug|x64
		{D481FBD5-A3E3-4152-8A44-4EFA6CDC5BC0}.Debug|x64.Build.0 = Debug|x64
		{D481FBD5-A3E3-4152-8A44-4EFA6CDC5BC0}.LLVM-Release|x64.ActiveCfg = LLVM-Release|x64
		{D481FBD5-A3E3-4152-8A44-4EFA6CDC5BC0}.LLVM-Release|x64.Build.0 = LLVM-Release|x64
		{D481FBD5-A3E3-4152-8A44-4EFA6CDC5BC0}.Release|x64.ActiveCfg = Release|x64
		{D481FBD5-A3E3-4152-8A44-4EFA6CDC5BC0}.Release|x64.Build.0 = Release|x64
	EndGlobalSection
	GlobalSection(SolutionProperties) = preSolution
		HideSolutionNode = FALSE
	EndGlobalSection
	GlobalSection(ExtensibilityGlobals) = postSolution
		SolutionGuid = {E7A0C291-C6D8-422D-8224-BC52EEE5D6AE}
	EndGlobalSection
EndGlobal
